
Microsoft Visual Studio Solution File, Format Version 12.00
# Visual Studio Version 17
VisualStudioVersion = 17.5.002.0
MinimumVisualStudioVersion = 10.0.40219.1
Project("{9A19103F-16F7-4668-BE54-9A1E7A4F7556}") = "LHPet", "LHPet.csproj", "{F5855287-2ED1-43D6-A6C2-A83E7071ACD8}"
EndProject
Global
	GlobalSection(SolutionConfigurationPlatforms) = preSolution
		Debug|Any CPU = Debug|Any CPU
		Release|Any CPU = Release|Any CPU
	EndGlobalSection
	GlobalSection(ProjectConfigurationPlatforms) = postSolution
		{F5855287-2ED1-43D6-A6C2-A83E7071ACD8}.Debug|Any CPU.ActiveCfg = Debug|Any CPU
		{F5855287-2ED1-43D6-A6C2-A83E7071ACD8}.Debug|Any CPU.Build.0 = Debug|Any CPU
		{F5855287-2ED1-43D6-A6C2-A83E7071ACD8}.Release|Any CPU.ActiveCfg = Release|Any CPU
		{F5855287-2ED1-43D6-A6C2-A83E7071ACD8}.Release|Any CPU.Build.0 = Release|Any CPU
	EndGlobalSection
	GlobalSection(SolutionProperties) = preSolution
		HideSolutionNode = FALSE
	EndGlobalSection
	GlobalSection(ExtensibilityGlobals) = postSolution
		SolutionGuid = {BCD5FF74-EA4E-434A-8E98-17767838911D}
	EndGlobalSection
EndGlobal
